{
    "_meta": {
        "hash": {
            "sha256": "6ae9bc2c765b91128e1fbe7f35f6d7854a932792b2e89ced6e85a01d3ca264fa"
        },
        "pipfile-spec": 6,
        "requires": {
            "python_version": "3.10"
        },
        "sources": [
            {
                "name": "pypi",
                "url": "https://pypi.org/simple",
                "verify_ssl": true
            }
        ]
    },
    "default": {},
    "develop": {}
}
